// !$*UTF8*$!
{
	archiveVersion = 1;
	classes = {
	};
	objectVersion = 50;
	objects = {

/* Begin PBXBuildFile section */
		DDBD4531266338C60046CCA4 /* AppDelegate.swift in Sources */ = {isa = PBXBuildFile; fileRef = DDBD4530266338C60046CCA4 /* AppDelegate.swift */; };
		DDBD4533266338C60046CCA4 /* SceneDelegate.swift in Sources */ = {isa = PBXBuildFile; fileRef = DDBD4532266338C60046CCA4 /* SceneDelegate.swift */; };
		DDBD4535266338C60046CCA4 /* ViewController.swift in Sources */ = {isa = PBXBuildFile; fileRef = DDBD4534266338C60046CCA4 /* ViewController.swift */; };
		DDBD4538266338C60046CCA4 /* Main.storyboard in Resources */ = {isa = PBXBuildFile; fileRef = DDBD4536266338C60046CCA4 /* Main.storyboard */; };
		DDBD453A266338C90046CCA4 /* Assets.xcassets in Resources */ = {isa = PBXBuildFile; fileRef = DDBD4539266338C90046CCA4 /* Assets.xcassets */; };
		DDBD453D266338C90046CCA4 /* LaunchScreen.storyboard in Resources */ = {isa = PBXBuildFile; fileRef = DDBD453B266338C90046CCA4 /* LaunchScreen.storyboard */; };
		DDBD4548266338C90046CCA4 /* WeatherForecastTests.swift in Sources */ = {isa = PBXBuildFile; fileRef = DDBD4547266338C90046CCA4 /* WeatherForecastTests.swift */; };
		DDBD4553266338C90046CCA4 /* WeatherForecastUITests.swift in Sources */ = {isa = PBXBuildFile; fileRef = DDBD4552266338C90046CCA4 /* WeatherForecastUITests.swift */; };
		DDBD45702665893E0046CCA4 /* Weather.swift in Sources */ = {isa = PBXBuildFile; fileRef = DDBD456F2665893E0046CCA4 /* Weather.swift */; };
		DDBD458626668E180046CCA4 /* TableViewCell.swift in Sources */ = {isa = PBXBuildFile; fileRef = DDBD458526668E180046CCA4 /* TableViewCell.swift */; };
/* End PBXBuildFile section */

/* Begin PBXContainerItemProxy section */
		DDBD4544266338C90046CCA4 /* PBXContainerItemProxy */ = {
			isa = PBXContainerItemProxy;
			containerPortal = DDBD4525266338C60046CCA4 /* Project object */;
			proxyType = 1;
			remoteGlobalIDString = DDBD452C266338C60046CCA4;
			remoteInfo = WeatherForecast;
		};
		DDBD454F266338C90046CCA4 /* PBXContainerItemProxy */ = {
			isa = PBXContainerItemProxy;
			containerPortal = DDBD4525266338C60046CCA4 /* Project object */;
			proxyType = 1;
			remoteGlobalIDString = DDBD452C266338C60046CCA4;
			remoteInfo = WeatherForecast;
		};
/* End PBXContainerItemProxy section */

/* Begin PBXFileReference section */
		DDBD452D266338C60046CCA4 /* WeatherForecast.app */ = {isa = PBXFileReference; explicitFileType = wrapper.application; includeInIndex = 0; path = WeatherForecast.app; sourceTree = BUILT_PRODUCTS_DIR; };
		DDBD4530266338C60046CCA4 /* AppDelegate.swift */ = {isa = PBXFileReference; lastKnownFileType = sourcecode.swift; path = AppDelegate.swift; sourceTree = "<group>"; };
		DDBD4532266338C60046CCA4 /* SceneDelegate.swift */ = {isa = PBXFileReference; lastKnownFileType = sourcecode.swift; path = SceneDelegate.swift; sourceTree = "<group>"; };
		DDBD4534266338C60046CCA4 /* ViewController.swift */ = {isa = PBXFileReference; lastKnownFileType = sourcecode.swift; path = ViewController.swift; sourceTree = "<group>"; };
		DDBD4537266338C60046CCA4 /* Base */ = {isa = PBXFileReference; lastKnownFileType = file.storyboard; name = Base; path = Base.lproj/Main.storyboard; sourceTree = "<group>"; };
		DDBD4539266338C90046CCA4 /* Assets.xcassets */ = {isa = PBXFileReference; lastKnownFileType = folder.assetcatalog; path = Assets.xcassets; sourceTree = "<group>"; };
		DDBD453C266338C90046CCA4 /* Base */ = {isa = PBXFileReference; lastKnownFileType = file.storyboard; name = Base; path = Base.lproj/LaunchScreen.storyboard; sourceTree = "<group>"; };
		DDBD453E266338C90046CCA4 /* Info.plist */ = {isa = PBXFileReference; lastKnownFileType = text.plist.xml; path = Info.plist; sourceTree = "<group>"; };
		DDBD4543266338C90046CCA4 /* WeatherForecastTests.xctest */ = {isa = PBXFileReference; explicitFileType = wrapper.cfbundle; includeInIndex = 0; path = WeatherForecastTests.xctest; sourceTree = BUILT_PRODUCTS_DIR; };
		DDBD4547266338C90046CCA4 /* WeatherForecastTests.swift */ = {isa = PBXFileReference; lastKnownFileType = sourcecode.swift; path = WeatherForecastTests.swift; sourceTree = "<group>"; };
		DDBD4549266338C90046CCA4 /* Info.plist */ = {isa = PBXFileReference; lastKnownFileType = text.plist.xml; path = Info.plist; sourceTree = "<group>"; };
		DDBD454E266338C90046CCA4 /* WeatherForecastUITests.xctest */ = {isa = PBXFileReference; explicitFileType = wrapper.cfbundle; includeInIndex = 0; path = WeatherForecastUITests.xctest; sourceTree = BUILT_PRODUCTS_DIR; };
		DDBD4552266338C90046CCA4 /* WeatherForecastUITests.swift */ = {isa = PBXFileReference; lastKnownFileType = sourcecode.swift; path = WeatherForecastUITests.swift; sourceTree = "<group>"; };
		DDBD4554266338C90046CCA4 /* Info.plist */ = {isa = PBXFileReference; lastKnownFileType = text.plist.xml; path = Info.plist; sourceTree = "<group>"; };
		DDBD456F2665893E0046CCA4 /* Weather.swift */ = {isa = PBXFileReference; lastKnownFileType = sourcecode.swift; path = Weather.swift; sourceTree = "<group>"; };
		DDBD458526668E180046CCA4 /* TableViewCell.swift */ = {isa = PBXFileReference; lastKnownFileType = sourcecode.swift; path = TableViewCell.swift; sourceTree = "<group>"; };
/* End PBXFileReference section */

/* Begin PBXFrameworksBuildPhase section */
		DDBD452A266338C60046CCA4 /* Frameworks */ = {
			isa = PBXFrameworksBuildPhase;
			buildActionMask = 2147483647;
			files = (
			);
			runOnlyForDeploymentPostprocessing = 0;
		};
		DDBD4540266338C90046CCA4 /* Frameworks */ = {
			isa = PBXFrameworksBuildPhase;
			buildActionMask = 2147483647;
			files = (
			);
			runOnlyForDeploymentPostprocessing = 0;
		};
		DDBD454B266338C90046CCA4 /* Frameworks */ = {
			isa = PBXFrameworksBuildPhase;
			buildActionMask = 2147483647;
			files = (
			);
			runOnlyForDeploymentPostprocessing = 0;
		};
/* End PBXFrameworksBuildPhase section */

/* Begin PBXGroup section */
		DDBD4524266338C60046CCA4 = {
			isa = PBXGroup;
			children = (
				DDBD452F266338C60046CCA4 /* WeatherForecast */,
				DDBD4546266338C90046CCA4 /* WeatherForecastTests */,
				DDBD4551266338C90046CCA4 /* WeatherForecastUITests */,
				DDBD452E266338C60046CCA4 /* Products */,
			);
			sourceTree = "<group>";
		};
		DDBD452E266338C60046CCA4 /* Products */ = {
			isa = PBXGroup;
			children = (
				DDBD452D266338C60046CCA4 /* WeatherForecast.app */,
				DDBD4543266338C90046CCA4 /* WeatherForecastTests.xctest */,
				DDBD454E266338C90046CCA4 /* WeatherForecastUITests.xctest */,
			);
			name = Products;
			sourceTree = "<group>";
		};
		DDBD452F266338C60046CCA4 /* WeatherForecast */ = {
			isa = PBXGroup;
			children = (
				DDBD4530266338C60046CCA4 /* AppDelegate.swift */,
				DDBD4532266338C60046CCA4 /* SceneDelegate.swift */,
				DDBD4534266338C60046CCA4 /* ViewController.swift */,
				DDBD4536266338C60046CCA4 /* Main.storyboard */,
				DDBD456F2665893E0046CCA4 /* Weather.swift */,
				DDBD458526668E180046CCA4 /* TableViewCell.swift */,
				DDBD4539266338C90046CCA4 /* Assets.xcassets */,
				DDBD453B266338C90046CCA4 /* LaunchScreen.storyboard */,
				DDBD453E266338C90046CCA4 /* Info.plist */,
			);
			path = WeatherForecast;
			sourceTree = "<group>";
		};
		DDBD4546266338C90046CCA4 /* WeatherForecastTests */ = {
			isa = PBXGroup;
			children = (
				DDBD4547266338C90046CCA4 /* WeatherForecastTests.swift */,
				DDBD4549266338C90046CCA4 /* Info.plist */,
			);
			path = WeatherForecastTests;
			sourceTree = "<group>";
		};
		DDBD4551266338C90046CCA4 /* WeatherForecastUITests */ = {
			isa = PBXGroup;
			children = (
				DDBD4552266338C90046CCA4 /* WeatherForecastUITests.swift */,
				DDBD4554266338C90046CCA4 /* Info.plist */,
			);
			path = WeatherForecastUITests;
			sourceTree = "<group>";
		};
/* End PBXGroup section */

/* Begin PBXNativeTarget section */
		DDBD452C266338C60046CCA4 /* WeatherForecast */ = {
			isa = PBXNativeTarget;
			buildConfigurationList = DDBD4557266338C90046CCA4 /* Build configuration list for PBXNativeTarget "WeatherForecast" */;
			buildPhases = (
				DDBD4529266338C60046CCA4 /* Sources */,
				DDBD452A266338C60046CCA4 /* Frameworks */,
				DDBD452B266338C60046CCA4 /* Resources */,
			);
			buildRules = (
			);
			dependencies = (
			);
			name = WeatherForecast;
			productName = WeatherForecast;
			productReference = DDBD452D266338C60046CCA4 /* WeatherForecast.app */;
			productType = "com.apple.product-type.application";
		};
		DDBD4542266338C90046CCA4 /* WeatherForecastTests */ = {
			isa = PBXNativeTarget;
			buildConfigurationList = DDBD455A266338C90046CCA4 /* Build configuration list for PBXNativeTarget "WeatherForecastTests" */;
			buildPhases = (
				DDBD453F266338C90046CCA4 /* Sources */,
				DDBD4540266338C90046CCA4 /* Frameworks */,
				DDBD4541266338C90046CCA4 /* Resources */,
			);
			buildRules = (
			);
			dependencies = (
				DDBD4545266338C90046CCA4 /* PBXTargetDependency */,
			);
			name = WeatherForecastTests;
			productName = WeatherForecastTests;
			productReference = DDBD4543266338C90046CCA4 /* WeatherForecastTests.xctest */;
			productType = "com.apple.product-type.bundle.unit-test";
		};
		DDBD454D266338C90046CCA4 /* WeatherForecastUITests */ = {
			isa = PBXNativeTarget;
			buildConfigurationList = DDBD455D266338C90046CCA4 /* Build configuration list for PBXNativeTarget "WeatherForecastUITests" */;
			buildPhases = (
				DDBD454A266338C90046CCA4 /* Sources */,
				DDBD454B266338C90046CCA4 /* Frameworks */,
				DDBD454C266338C90046CCA4 /* Resources */,
			);
			buildRules = (
			);
			dependencies = (
				DDBD4550266338C90046CCA4 /* PBXTargetDependency */,
			);
			name = WeatherForecastUITests;
			productName = WeatherForecastUITests;
			productReference = DDBD454E266338C90046CCA4 /* WeatherForecastUITests.xctest */;
			productType = "com.apple.product-type.bundle.ui-testing";
		};
/* End PBXNativeTarget section */

/* Begin PBXProject section */
		DDBD4525266338C60046CCA4 /* Project object */ = {
			isa = PBXProject;
			attributes = {
				LastSwiftUpdateCheck = 1240;
				LastUpgradeCheck = 1240;
				TargetAttributes = {
					DDBD452C266338C60046CCA4 = {
						CreatedOnToolsVersion = 12.4;
					};
					DDBD4542266338C90046CCA4 = {
						CreatedOnToolsVersion = 12.4;
						TestTargetID = DDBD452C266338C60046CCA4;
					};
					DDBD454D266338C90046CCA4 = {
						CreatedOnToolsVersion = 12.4;
						TestTargetID = DDBD452C266338C60046CCA4;
					};
				};
			};
			buildConfigurationList = DDBD4528266338C60046CCA4 /* Build configuration list for PBXProject "WeatherForecast" */;
			compatibilityVersion = "Xcode 9.3";
			developmentRegion = en;
			hasScannedForEncodings = 0;
			knownRegions = (
				en,
				Base,
			);
			mainGroup = DDBD4524266338C60046CCA4;
			productRefGroup = DDBD452E266338C60046CCA4 /* Products */;
			projectDirPath = "";
			projectRoot = "";
			targets = (
				DDBD452C266338C60046CCA4 /* WeatherForecast */,
				DDBD4542266338C90046CCA4 /* WeatherForecastTests */,
				DDBD454D266338C90046CCA4 /* WeatherForecastUITests */,
			);
		};
/* End PBXProject section */

/* Begin PBXResourcesBuildPhase section */
		DDBD452B266338C60046CCA4 /* Resources */ = {
			isa = PBXResourcesBuildPhase;
			buildActionMask = 2147483647;
			files = (
				DDBD453D266338C90046CCA4 /* LaunchScreen.storyboard in Resources */,
				DDBD453A266338C90046CCA4 /* Assets.xcassets in Resources */,
				DDBD4538266338C60046CCA4 /* Main.storyboard in Resources */,
			);
			runOnlyForDeploymentPostprocessing = 0;
		};
		DDBD4541266338C90046CCA4 /* Resources */ = {
			isa = PBXResourcesBuildPhase;
			buildActionMask = 2147483647;
			files = (
			);
			runOnlyForDeploymentPostprocessing = 0;
		};
		DDBD454C266338C90046CCA4 /* Resources */ = {
			isa = PBXResourcesBuildPhase;
			buildActionMask = 2147483647;
			files = (
			);
			runOnlyForDeploymentPostprocessing = 0;
		};
/* End PBXResourcesBuildPhase section */

/* Begin PBXSourcesBuildPhase section */
		DDBD4529266338C60046CCA4 /* Sources */ = {
			isa = PBXSourcesBuildPhase;
			buildActionMask = 2147483647;
			files = (
				DDBD458626668E180046CCA4 /* TableViewCell.swift in Sources */,
				DDBD45702665893E0046CCA4 /* Weather.swift in Sources */,
				DDBD4535266338C60046CCA4 /* ViewController.swift in Sources */,
				DDBD4531266338C60046CCA4 /* AppDelegate.swift in Sources */,
				DDBD4533266338C60046CCA4 /* SceneDelegate.swift in Sources */,
			);
			runOnlyForDeploymentPostprocessing = 0;
		};
		DDBD453F266338C90046CCA4 /* Sources */ = {
			isa = PBXSourcesBuildPhase;
			buildActionMask = 2147483647;
			files = (
				DDBD4548266338C90046CCA4 /* WeatherForecastTests.swift in Sources */,
			);
			runOnlyForDeploymentPostprocessing = 0;
		};
		DDBD454A266338C90046CCA4 /* Sources */ = {
			isa = PBXSourcesBuildPhase;
			buildActionMask = 2147483647;
			files = (
				DDBD4553266338C90046CCA4 /* WeatherForecastUITests.swift in Sources */,
			);
			runOnlyForDeploymentPostprocessing = 0;
		};
/* End PBXSourcesBuildPhase section */

/* Begin PBXTargetDependency section */
		DDBD4545266338C90046CCA4 /* PBXTargetDependency */ = {
			isa = PBXTargetDependency;
			target = DDBD452C266338C60046CCA4 /* WeatherForecast */;
			targetProxy = DDBD4544266338C90046CCA4 /* PBXContainerItemProxy */;
		};
		DDBD4550266338C90046CCA4 /* PBXTargetDependency */ = {
			isa = PBXTargetDependency;
			target = DDBD452C266338C60046CCA4 /* WeatherForecast */;
			targetProxy = DDBD454F266338C90046CCA4 /* PBXContainerItemProxy */;
		};
/* End PBXTargetDependency section */

/* Begin PBXVariantGroup section */
		DDBD4536266338C60046CCA4 /* Main.storyboard */ = {
			isa = PBXVariantGroup;
			children = (
				DDBD4537266338C60046CCA4 /* Base */,
			);
			name = Main.storyboard;
			sourceTree = "<group>";
		};
		DDBD453B266338C90046CCA4 /* LaunchScreen.storyboard */ = {
			isa = PBXVariantGroup;
			children = (
				DDBD453C266338C90046CCA4 /* Base */,
			);
			name = LaunchScreen.storyboard;
			sourceTree = "<group>";
		};
/* End PBXVariantGroup section */

/* Begin XCBuildConfiguration section */
		DDBD4555266338C90046CCA4 /* Debug */ = {
			isa = XCBuildConfiguration;
			buildSettings = {
				ALWAYS_SEARCH_USER_PATHS = NO;
				CLANG_ANALYZER_NONNULL = YES;
				CLANG_ANALYZER_NUMBER_OBJECT_CONVERSION = YES_AGGRESSIVE;
				CLANG_CXX_LANGUAGE_STANDARD = "gnu++14";
				CLANG_CXX_LIBRARY = "libc++";
				CLANG_ENABLE_MODULES = YES;
				CLANG_ENABLE_OBJC_ARC = YES;
				CLANG_ENABLE_OBJC_WEAK = YES;
				CLANG_WARN_BLOCK_CAPTURE_AUTORELEASING = YES;
				CLANG_WARN_BOOL_CONVERSION = YES;
				CLANG_WARN_COMMA = YES;
				CLANG_WARN_CONSTANT_CONVERSION = YES;
				CLANG_WARN_DEPRECATED_OBJC_IMPLEMENTATIONS = YES;
				CLANG_WARN_DIRECT_OBJC_ISA_USAGE = YES_ERROR;
				CLANG_WARN_DOCUMENTATION_COMMENTS = YES;
				CLANG_WARN_EMPTY_BODY = YES;
				CLANG_WARN_ENUM_CONVERSION = YES;
				CLANG_WARN_INFINITE_RECURSION = YES;
				CLANG_WARN_INT_CONVERSION = YES;
				CLANG_WARN_NON_LITERAL_NULL_CONVERSION = YES;
				CLANG_WARN_OBJC_IMPLICIT_RETAIN_SELF = YES;
				CLANG_WARN_OBJC_LITERAL_CONVERSION = YES;
				CLANG_WARN_OBJC_ROOT_CLASS = YES_ERROR;
				CLANG_WARN_QUOTED_INCLUDE_IN_FRAMEWORK_HEADER = YES;
				CLANG_WARN_RANGE_LOOP_ANALYSIS = YES;
				CLANG_WARN_STRICT_PROTOTYPES = YES;
				CLANG_WARN_SUSPICIOUS_MOVE = YES;
				CLANG_WARN_UNGUARDED_AVAILABILITY = YES_AGGRESSIVE;
				CLANG_WARN_UNREACHABLE_CODE = YES;
				CLANG_WARN__DUPLICATE_METHOD_MATCH = YES;
				COPY_PHASE_STRIP = NO;
				DEBUG_INFORMATION_FORMAT = dwarf;
				ENABLE_STRICT_OBJC_MSGSEND = YES;
				ENABLE_TESTABILITY = YES;
				GCC_C_LANGUAGE_STANDARD = gnu11;
				GCC_DYNAMIC_NO_PIC = NO;
				GCC_NO_COMMON_BLOCKS = YES;
				GCC_OPTIMIZATION_LEVEL = 0;
				GCC_PREPROCESSOR_DEFINITIONS = (
					"DEBUG=1",
					"$(inherited)",
				);
				GCC_WARN_64_TO_32_BIT_CONVERSION = YES;
				GCC_WARN_ABOUT_RETURN_TYPE = YES_ERROR;
				GCC_WARN_UNDECLARED_SELECTOR = YES;
				GCC_WARN_UNINITIALIZED_AUTOS = YES_AGGRESSIVE;
				GCC_WARN_UNUSED_FUNCTION = YES;
				GCC_WARN_UNUSED_VARIABLE = YES;
				IPHONEOS_DEPLOYMENT_TARGET = 14.4;
				MTL_ENABLE_DEBUG_INFO = INCLUDE_SOURCE;
				MTL_FAST_MATH = YES;
				ONLY_ACTIVE_ARCH = YES;
				SDKROOT = iphoneos;
				SWIFT_ACTIVE_COMPILATION_CONDITIONS = DEBUG;
				SWIFT_OPTIMIZATION_LEVEL = "-Onone";
			};
			name = Debug;
		};
		DDBD4556266338C90046CCA4 /* Release */ = {
			isa = XCBuildConfiguration;
			buildSettings = {
				ALWAYS_SEARCH_USER_PATHS = NO;
				CLANG_ANALYZER_NONNULL = YES;
				CLANG_ANALYZER_NUMBER_OBJECT_CONVERSION = YES_AGGRESSIVE;
				CLANG_CXX_LANGUAGE_STANDARD = "gnu++14";
				CLANG_CXX_LIBRARY = "libc++";
				CLANG_ENABLE_MODULES = YES;
				CLANG_ENABLE_OBJC_ARC = YES;
				CLANG_ENABLE_OBJC_WEAK = YES;
				CLANG_WARN_BLOCK_CAPTURE_AUTORELEASING = YES;
				CLANG_WARN_BOOL_CONVERSION = YES;
				CLANG_WARN_COMMA = YES;
				CLANG_WARN_CONSTANT_CONVERSION = YES;
				CLANG_WARN_DEPRECATED_OBJC_IMPLEMENTATIONS = YES;
				CLANG_WARN_DIRECT_OBJC_ISA_USAGE = YES_ERROR;
				CLANG_WARN_DOCUMENTATION_COMMENTS = YES;
				CLANG_WARN_EMPTY_BODY = YES;
				CLANG_WARN_ENUM_CONVERSION = YES;
				CLANG_WARN_INFINITE_RECURSION = YES;
				CLANG_WARN_INT_CONVERSION = YES;
				CLANG_WARN_NON_LITERAL_NULL_CONVERSION = YES;
				CLANG_WARN_OBJC_IMPLICIT_RETAIN_SELF = YES;
				CLANG_WARN_OBJC_LITERAL_CONVERSION = YES;
				CLANG_WARN_OBJC_ROOT_CLASS = YES_ERROR;
				CLANG_WARN_QUOTED_INCLUDE_IN_FRAMEWORK_HEADER = YES;
				CLANG_WARN_RANGE_LOOP_ANALYSIS = YES;
				CLANG_WARN_STRICT_PROTOTYPES = YES;
				CLANG_WARN_SUSPICIOUS_MOVE = YES;
				CLANG_WARN_UNGUARDED_AVAILABILITY = YES_AGGRESSIVE;
				CLANG_WARN_UNREACHABLE_CODE = YES;
				CLANG_WARN__DUPLICATE_METHOD_MATCH = YES;
				COPY_PHASE_STRIP = NO;
				DEBUG_INFORMATION_FORMAT = "dwarf-with-dsym";
				ENABLE_NS_ASSERTIONS = NO;
				ENABLE_STRICT_OBJC_MSGSEND = YES;
				GCC_C_LANGUAGE_STANDARD = gnu11;
				GCC_NO_COMMON_BLOCKS = YES;
				GCC_WARN_64_TO_32_BIT_CONVERSION = YES;
				GCC_WARN_ABOUT_RETURN_TYPE = YES_ERROR;
				GCC_WARN_UNDECLARED_SELECTOR = YES;
				GCC_WARN_UNINITIALIZED_AUTOS = YES_AGGRESSIVE;
				GCC_WARN_UNUSED_FUNCTION = YES;
				GCC_WARN_UNUSED_VARIABLE = YES;
				IPHONEOS_DEPLOYMENT_TARGET = 14.4;
				MTL_ENABLE_DEBUG_INFO = NO;
				MTL_FAST_MATH = YES;
				SDKROOT = iphoneos;
				SWIFT_COMPILATION_MODE = wholemodule;
				SWIFT_OPTIMIZATION_LEVEL = "-O";
				VALIDATE_PRODUCT = YES;
			};
			name = Release;
		};
		DDBD4558266338C90046CCA4 /* Debug */ = {
			isa = XCBuildConfiguration;
			buildSettings = {
				ASSETCATALOG_COMPILER_APPICON_NAME = AppIcon;
				ASSETCATALOG_COMPILER_GLOBAL_ACCENT_COLOR_NAME = AccentColor;
				CODE_SIGN_STYLE = Automatic;
				DEVELOPMENT_TEAM = RUYRL694FN;
				INFOPLIST_FILE = WeatherForecast/Info.plist;
				LD_RUNPATH_SEARCH_PATHS = (
					"$(inherited)",
					"@executable_path/Frameworks",
				);
				PRODUCT_BUNDLE_IDENTIFIER = Udit.WeatherForecast;
				PRODUCT_NAME = "$(TARGET_NAME)";
				SWIFT_VERSION = 5.0;
				TARGETED_DEVICE_FAMILY = "1,2";
			};
			name = Debug;
		};
		DDBD4559266338C90046CCA4 /* Release */ = {
			isa = XCBuildConfiguration;
			buildSettings = {
				ASSETCATALOG_COMPILER_APPICON_NAME = AppIcon;
				ASSETCATALOG_COMPILER_GLOBAL_ACCENT_COLOR_NAME = AccentColor;
				CODE_SIGN_STYLE = Automatic;
				DEVELOPMENT_TEAM = RUYRL694FN;
				INFOPLIST_FILE = WeatherForecast/Info.plist;
				LD_RUNPATH_SEARCH_PATHS = (
					"$(inherited)",
					"@executable_path/Frameworks",
				);
				PRODUCT_BUNDLE_IDENTIFIER = Udit.WeatherForecast;
				PRODUCT_NAME = "$(TARGET_NAME)";
				SWIFT_VERSION = 5.0;
				TARGETED_DEVICE_FAMILY = "1,2";
			};
			name = Release;
		};
		DDBD455B266338C90046CCA4 /* Debug */ = {
			isa = XCBuildConfiguration;
			buildSettings = {
				ALWAYS_EMBED_SWIFT_STANDARD_LIBRARIES = YES;
				BUNDLE_LOADER = "$(TEST_HOST)";
				CODE_SIGN_STYLE = Automatic;
				DEVELOPMENT_TEAM = RUYRL694FN;
				INFOPLIST_FILE = WeatherForecastTests/Info.plist;
				IPHONEOS_DEPLOYMENT_TARGET = 14.4;
				LD_RUNPATH_SEARCH_PATHS = (
					"$(inherited)",
					"@executable_path/Frameworks",
					"@loader_path/Frameworks",
				);
				PRODUCT_BUNDLE_IDENTIFIER = Udit.WeatherForecastTests;
				PRODUCT_NAME = "$(TARGET_NAME)";
				SWIFT_VERSION = 5.0;
				TARGETED_DEVICE_FAMILY = "1,2";
				TEST_HOST = "$(BUILT_PRODUCTS_DIR)/WeatherForecast.app/WeatherForecast";
			};
			name = Debug;
		};
		DDBD455C266338C90046CCA4 /* Release */ = {
			isa = XCBuildConfiguration;
			buildSettings = {
				ALWAYS_EMBED_SWIFT_STANDARD_LIBRARIES = YES;
				BUNDLE_LOADER = "$(TEST_HOST)";
				CODE_SIGN_STYLE = Automatic;
				DEVELOPMENT_TEAM = RUYRL694FN;
				INFOPLIST_FILE = WeatherForecastTests/Info.plist;
				IPHONEOS_DEPLOYMENT_TARGET = 14.4;
				LD_RUNPATH_SEARCH_PATHS = (
					"$(inherited)",
					"@executable_path/Frameworks",
					"@loader_path/Frameworks",
				);
				PRODUCT_BUNDLE_IDENTIFIER = Udit.WeatherForecastTests;
				PRODUCT_NAME = "$(TARGET_NAME)";
				SWIFT_VERSION = 5.0;
				TARGETED_DEVICE_FAMILY = "1,2";
				TEST_HOST = "$(BUILT_PRODUCTS_DIR)/WeatherForecast.app/WeatherForecast";
			};
			name = Release;
		};
		DDBD455E266338C90046CCA4 /* Debug */ = {
			isa = XCBuildConfiguration;
			buildSettings = {
				ALWAYS_EMBED_SWIFT_STANDARD_LIBRARIES = YES;
				CODE_SIGN_STYLE = Automatic;
				DEVELOPMENT_TEAM = RUYRL694FN;
				INFOPLIST_FILE = WeatherForecastUITests/Info.plist;
				LD_RUNPATH_SEARCH_PATHS = (
					"$(inherited)",
					"@executable_path/Frameworks",
					"@loader_path/Frameworks",
				);
				PRODUCT_BUNDLE_IDENTIFIER = Udit.WeatherForecastUITests;
				PRODUCT_NAME = "$(TARGET_NAME)";
				SWIFT_VERSION = 5.0;
				TARGETED_DEVICE_FAMILY = "1,2";
				TEST_TARGET_NAME = WeatherForecast;
			};
			name = Debug;
		};
		DDBD455F266338C90046CCA4 /* Release */ = {
			isa = XCBuildConfiguration;
			buildSettings = {
				ALWAYS_EMBED_SWIFT_STANDARD_LIBRARIES = YES;
				CODE_SIGN_STYLE = Automatic;
				DEVELOPMENT_TEAM = RUYRL694FN;
				INFOPLIST_FILE = WeatherForecastUITests/Info.plist;
				LD_RUNPATH_SEARCH_PATHS = (
					"$(inherited)",
					"@executable_path/Frameworks",
					"@loader_path/Frameworks",
				);
				PRODUCT_BUNDLE_IDENTIFIER = Udit.WeatherForecastUITests;
				PRODUCT_NAME = "$(TARGET_NAME)";
				SWIFT_VERSION = 5.0;
				TARGETED_DEVICE_FAMILY = "1,2";
				TEST_TARGET_NAME = WeatherForecast;
			};
			name = Release;
		};
/* End XCBuildConfiguration section */

/* Begin XCConfigurationList section */
		DDBD4528266338C60046CCA4 /* Build configuration list for PBXProject "WeatherForecast" */ = {
			isa = XCConfigurationList;
			buildConfigurations = (
				DDBD4555266338C90046CCA4 /* Debug */,
				DDBD4556266338C90046CCA4 /* Release */,
			);
			defaultConfigurationIsVisible = 0;
			defaultConfigurationName = Release;
		};
		DDBD4557266338C90046CCA4 /* Build configuration list for PBXNativeTarget "WeatherForecast" */ = {
			isa = XCConfigurationList;
			buildConfigurations = (
				DDBD4558266338C90046CCA4 /* Debug */,
				DDBD4559266338C90046CCA4 /* Release */,
			);
			defaultConfigurationIsVisible = 0;
			defaultConfigurationName = Release;
		};
		DDBD455A266338C90046CCA4 /* Build configuration list for PBXNativeTarget "WeatherForecastTests" */ = {
			isa = XCConfigurationList;
			buildConfigurations = (
				DDBD455B266338C90046CCA4 /* Debug */,
				DDBD455C266338C90046CCA4 /* Release */,
			);
			defaultConfigurationIsVisible = 0;
			defaultConfigurationName = Release;
		};
		DDBD455D266338C90046CCA4 /* Build configuration list for PBXNativeTarget "WeatherForecastUITests" */ = {
			isa = XCConfigurationList;
			buildConfigurations = (
				DDBD455E266338C90046CCA4 /* Debug */,
				DDBD455F266338C90046CCA4 /* Release */,
			);
			defaultConfigurationIsVisible = 0;
			defaultConfigurationName = Release;
		};
/* End XCConfigurationList section */
	};
	rootObject = DDBD4525266338C60046CCA4 /* Project object */;
}
